
Microsoft Visual Studio Solution File, Format Version 12.00
# Visual Studio Version 17
VisualStudioVersion = 17.7.34302.85
MinimumVisualStudioVersion = 10.0.40219.1
Project("{9A19103F-16F7-4668-BE54-9A1E7A4F7556}") = "Mapper", "Mapper\Mapper.csproj", "{94F13D4F-D25F-4CEE-A2EC-50C2A3C0980B}"
EndProject
Project("{9A19103F-16F7-4668-BE54-9A1E7A4F7556}") = "Mapper.Test", "Mapper.Test\Mapper.Test.csproj", "{8AAAF642-52A1-4BFB-84F9-3CC50B9EFE8D}"
EndProject
Project("{FAE04EC0-301F-11D3-BF4B-00C04F79EFBC}") = "Mapper.Benchmark", "Mapper.Benchmark\Mapper.Benchmark.csproj", "{7BDEB9CA-DF46-4AF0-9D7A-A403FF9CF62A}"
EndProject
Global
	GlobalSection(SolutionConfigurationPlatforms) = preSolution
		Debug|Any CPU = Debug|Any CPU
		Release|Any CPU = Release|Any CPU
	EndGlobalSection
	GlobalSection(ProjectConfigurationPlatforms) = postSolution
		{94F13D4F-D25F-4CEE-A2EC-50C2A3C0980B}.Debug|Any CPU.ActiveCfg = Debug|Any CPU
		{94F13D4F-D25F-4CEE-A2EC-50C2A3C0980B}.Debug|Any CPU.Build.0 = Debug|Any CPU
		{94F13D4F-D25F-4CEE-A2EC-50C2A3C0980B}.Release|Any CPU.ActiveCfg = Release|Any CPU
		{94F13D4F-D25F-4CEE-A2EC-50C2A3C0980B}.Release|Any CPU.Build.0 = Release|Any CPU
		{8AAAF642-52A1-4BFB-84F9-3CC50B9EFE8D}.Debug|Any CPU.ActiveCfg = Debug|Any CPU
		{8AAAF642-52A1-4BFB-84F9-3CC50B9EFE8D}.Debug|Any CPU.Build.0 = Debug|Any CPU
		{8AAAF642-52A1-4BFB-84F9-3CC50B9EFE8D}.Release|Any CPU.ActiveCfg = Release|Any CPU
		{8AAAF642-52A1-4BFB-84F9-3CC50B9EFE8D}.Release|Any CPU.Build.0 = Release|Any CPU
		{7BDEB9CA-DF46-4AF0-9D7A-A403FF9CF62A}.Debug|Any CPU.ActiveCfg = Debug|Any CPU
		{7BDEB9CA-DF46-4AF0-9D7A-A403FF9CF62A}.Debug|Any CPU.Build.0 = Debug|Any CPU
		{7BDEB9CA-DF46-4AF0-9D7A-A403FF9CF62A}.Release|Any CPU.ActiveCfg = Release|Any CPU
		{7BDEB9CA-DF46-4AF0-9D7A-A403FF9CF62A}.Release|Any CPU.Build.0 = Release|Any CPU
	EndGlobalSection
	GlobalSection(SolutionProperties) = preSolution
		HideSolutionNode = FALSE
	EndGlobalSection
	GlobalSection(ExtensibilityGlobals) = postSolution
		SolutionGuid = {E1043E73-4529-45B9-88BC-00B049907330}
	EndGlobalSection
EndGlobal
